
Microsoft Visual Studio Solution File, Format Version 12.00
# Visual Studio Version 17
VisualStudioVersion = 17.13.35931.197
MinimumVisualStudioVersion = 10.0.40219.1
Project("{FAE04EC0-301F-11D3-BF4B-00C04F79EFBC}") = "D20Tek.Mediator", "src\D20Tek.Mediator\D20Tek.Mediator.csproj", "{297E2319-5C0C-4413-AE53-7B4D86AFFA6F}"
EndProject
Project("{2150E333-8FDC-42A3-9474-1A3956D46DE8}") = "samples", "samples", "{02EA681E-C7D8-13C7-8484-4AC65E1B71E8}"
EndProject
Project("{FAE04EC0-301F-11D3-BF4B-00C04F79EFBC}") = "MemberService", "samples\MemberService\MemberService.csproj", "{0B1060DA-F814-4521-A9D7-D85386681E85}"
EndProject
Global
	GlobalSection(SolutionConfigurationPlatforms) = preSolution
		Debug|Any CPU = Debug|Any CPU
		Release|Any CPU = Release|Any CPU
	EndGlobalSection
	GlobalSection(ProjectConfigurationPlatforms) = postSolution
		{297E2319-5C0C-4413-AE53-7B4D86AFFA6F}.Debug|Any CPU.ActiveCfg = Debug|Any CPU
		{297E2319-5C0C-4413-AE53-7B4D86AFFA6F}.Debug|Any CPU.Build.0 = Debug|Any CPU
		{297E2319-5C0C-4413-AE53-7B4D86AFFA6F}.Release|Any CPU.ActiveCfg = Release|Any CPU
		{297E2319-5C0C-4413-AE53-7B4D86AFFA6F}.Release|Any CPU.Build.0 = Release|Any CPU
		{0B1060DA-F814-4521-A9D7-D85386681E85}.Debug|Any CPU.ActiveCfg = Debug|Any CPU
		{0B1060DA-F814-4521-A9D7-D85386681E85}.Debug|Any CPU.Build.0 = Debug|Any CPU
		{0B1060DA-F814-4521-A9D7-D85386681E85}.Release|Any CPU.ActiveCfg = Release|Any CPU
		{0B1060DA-F814-4521-A9D7-D85386681E85}.Release|Any CPU.Build.0 = Release|Any CPU
	EndGlobalSection
	GlobalSection(SolutionProperties) = preSolution
		HideSolutionNode = FALSE
	EndGlobalSection
	GlobalSection(NestedProjects) = preSolution
		{0B1060DA-F814-4521-A9D7-D85386681E85} = {02EA681E-C7D8-13C7-8484-4AC65E1B71E8}
	EndGlobalSection
	GlobalSection(ExtensibilityGlobals) = postSolution
		SolutionGuid = {A4FDC2E2-EE4B-4827-98AE-350463B8E7B2}
	EndGlobalSection
EndGlobal
